
Microsoft Visual Studio Solution File, Format Version 12.00
# Visual Studio Version 17
VisualStudioVersion = 17.4.33122.133
MinimumVisualStudioVersion = 10.0.40219.1
Project("{9A19103F-16F7-4668-BE54-9A1E7A4F7556}") = "SampleLibraryNAOT", "SampleLibraryNAOT\SampleLibraryNAOT.csproj", "{FF73C6CB-4302-4F94-A213-AF25B50831FB}"
EndProject
Project("{9A19103F-16F7-4668-BE54-9A1E7A4F7556}") = "CodeBinder.Redist", "..\CodeBinder\CodeBinder.Redist\CodeBinder.Redist.csproj", "{83A16D88-4463-45B1-9D92-49FA6C367850}"
EndProject
Global
	GlobalSection(SolutionConfigurationPlatforms) = preSolution
		Debug|Any CPU = Debug|Any CPU
		Debug|x64 = Debug|x64
		Release|Any CPU = Release|Any CPU
		Release|x64 = Release|x64
	EndGlobalSection
	GlobalSection(ProjectConfigurationPlatforms) = postSolution
		{FF73C6CB-4302-4F94-A213-AF25B50831FB}.Debug|Any CPU.ActiveCfg = Debug|Any CPU
		{FF73C6CB-4302-4F94-A213-AF25B50831FB}.Debug|Any CPU.Build.0 = Debug|Any CPU
		{FF73C6CB-4302-4F94-A213-AF25B50831FB}.Debug|x64.ActiveCfg = Debug|Any CPU
		{FF73C6CB-4302-4F94-A213-AF25B50831FB}.Debug|x64.Build.0 = Debug|Any CPU
		{FF73C6CB-4302-4F94-A213-AF25B50831FB}.Release|Any CPU.ActiveCfg = Release|Any CPU
		{FF73C6CB-4302-4F94-A213-AF25B50831FB}.Release|Any CPU.Build.0 = Release|Any CPU
		{FF73C6CB-4302-4F94-A213-AF25B50831FB}.Release|x64.ActiveCfg = Release|Any CPU
		{FF73C6CB-4302-4F94-A213-AF25B50831FB}.Release|x64.Build.0 = Release|Any CPU
		{83A16D88-4463-45B1-9D92-49FA6C367850}.Debug|Any CPU.ActiveCfg = Debug|Any CPU
		{83A16D88-4463-45B1-9D92-49FA6C367850}.Debug|Any CPU.Build.0 = Debug|Any CPU
		{83A16D88-4463-45B1-9D92-49FA6C367850}.Debug|x64.ActiveCfg = Debug|Any CPU
		{83A16D88-4463-45B1-9D92-49FA6C367850}.Debug|x64.Build.0 = Debug|Any CPU
		{83A16D88-4463-45B1-9D92-49FA6C367850}.Release|Any CPU.ActiveCfg = Release|Any CPU
		{83A16D88-4463-45B1-9D92-49FA6C367850}.Release|Any CPU.Build.0 = Release|Any CPU
		{83A16D88-4463-45B1-9D92-49FA6C367850}.Release|x64.ActiveCfg = Release|Any CPU
		{83A16D88-4463-45B1-9D92-49FA6C367850}.Release|x64.Build.0 = Release|Any CPU
	EndGlobalSection
	GlobalSection(SolutionProperties) = preSolution
		HideSolutionNode = FALSE
	EndGlobalSection
	GlobalSection(ExtensibilityGlobals) = postSolution
		SolutionGuid = {DD646810-8285-4507-8EA3-3D7E5CB86AD7}
	EndGlobalSection
EndGlobal
